<?xml version="1.0"?>
<CONFIG>
  <ProjectOptions>
    <Version Value="9"/>
    <PathDelim Value="\"/>
    <General>
      <MainUnit Value="0"/>
      <ResourceType Value="res"/>
      <UseXPManifest Value="True"/>
      <Icon Value="0"/>
      <ActiveWindowIndexAtStart Value="0"/>
    </General>
    <i18n>
      <EnableI18N LFM="False"/>
    </i18n>
    <VersionInfo>
      <StringTable ProductVersion=""/>
    </VersionInfo>
    <BuildModes Count="1" Active="Default">
      <Item1 Name="Default" Default="True"/>
    </BuildModes>
    <PublishOptions>
      <Version Value="2"/>
      <DestinationDirectory Value="\home\ito\protranslator\translator\Project-Files"/>
      <IncludeFileFilter Value="*.(pas|pp|inc|lfm|lpr|lrs|lpi|lpk|sh|xml)"/>
      <UseExcludeFileFilter Value="True"/>
      <ExcludeFileFilter Value="*.(bak|ppu|o|so);*~;backup"/>
    </PublishOptions>
    <RunParams>
      <local>
        <FormatVersion Value="1"/>
        <LaunchingApplication PathPlusParams="\usr\bin\xterm -T 'Lazarus Run Output' -e $(LazarusDir)\tools\runwait.sh $(TargetCmdLine)"/>
      </local>
    </RunParams>
    <RequiredPackages Count="2">
      <Item1>
        <PackageName Value="SynEdit"/>
        <MinVersion Major="1" Valid="True"/>
      </Item1>
      <Item2>
        <PackageName Value="LCL"/>
      </Item2>
    </RequiredPackages>
    <Units Count="3">
      <Unit0>
        <Filename Value="project1.lpr"/>
        <IsPartOfProject Value="True"/>
        <UnitName Value="project1"/>
        <UsageCount Value="27"/>
      </Unit0>
      <Unit1>
        <Filename Value="unit1.pas"/>
        <IsPartOfProject Value="True"/>
        <ComponentName Value="MainForm"/>
        <HasResources Value="True"/>
        <ResourceBaseClass Value="Form"/>
        <UnitName Value="Unit1"/>
        <IsVisibleTab Value="True"/>
        <EditorIndex Value="0"/>
        <WindowIndex Value="0"/>
        <TopLine Value="416"/>
        <CursorPos X="3" Y="442"/>
        <UsageCount Value="27"/>
        <Loaded Value="True"/>
        <LoadedDesigner Value="True"/>
      </Unit1>
      <Unit2>
        <Filename Value="unit2.pas"/>
        <IsPartOfProject Value="True"/>
        <ComponentName Value="CommandFrm"/>
        <HasResources Value="True"/>
        <ResourceBaseClass Value="Form"/>
        <UnitName Value="Unit2"/>
        <EditorIndex Value="1"/>
        <WindowIndex Value="0"/>
        <TopLine Value="59"/>
        <CursorPos X="36" Y="106"/>
        <UsageCount Value="27"/>
        <Loaded Value="True"/>
      </Unit2>
    </Units>
    <JumpHistory Count="30" HistoryIndex="29">
      <Position1>
        <Filename Value="unit1.pas"/>
        <Caret Line="1011" Column="9" TopLine="992"/>
      </Position1>
      <Position2>
        <Filename Value="unit1.pas"/>
        <Caret Line="1013" Column="71" TopLine="996"/>
      </Position2>
      <Position3>
        <Filename Value="unit1.pas"/>
        <Caret Line="149" Column="23" TopLine="129"/>
      </Position3>
      <Position4>
        <Filename Value="unit1.pas"/>
        <Caret Line="150" Column="23" TopLine="129"/>
      </Position4>
      <Position5>
        <Filename Value="unit1.pas"/>
        <Caret Line="696" Column="29" TopLine="663"/>
      </Position5>
      <Position6>
        <Filename Value="unit1.pas"/>
        <Caret Line="705" Column="40" TopLine="681"/>
      </Position6>
      <Position7>
        <Filename Value="unit1.pas"/>
        <Caret Line="1021" Column="15" TopLine="992"/>
      </Position7>
      <Position8>
        <Filename Value="unit1.pas"/>
        <Caret Line="1" Column="1" TopLine="1"/>
      </Position8>
      <Position9>
        <Filename Value="unit1.pas"/>
        <Caret Line="149" Column="28" TopLine="117"/>
      </Position9>
      <Position10>
        <Filename Value="unit1.pas"/>
        <Caret Line="1022" Column="28" TopLine="994"/>
      </Position10>
      <Position11>
        <Filename Value="unit1.pas"/>
        <Caret Line="714" Column="12" TopLine="687"/>
      </Position11>
      <Position12>
        <Filename Value="unit1.pas"/>
        <Caret Line="171" Column="1" TopLine="151"/>
      </Position12>
      <Position13>
        <Filename Value="unit2.pas"/>
        <Caret Line="81" Column="9" TopLine="72"/>
      </Position13>
      <Position14>
        <Filename Value="unit2.pas"/>
        <Caret Line="2" Column="10" TopLine="1"/>
      </Position14>
      <Position15>
        <Filename Value="unit2.pas"/>
        <Caret Line="22" Column="19" TopLine="3"/>
      </Position15>
      <Position16>
        <Filename Value="unit2.pas"/>
        <Caret Line="81" Column="17" TopLine="63"/>
      </Position16>
      <Position17>
        <Filename Value="unit2.pas"/>
        <Caret Line="82" Column="17" TopLine="64"/>
      </Position17>
      <Position18>
        <Filename Value="unit2.pas"/>
        <Caret Line="83" Column="17" TopLine="65"/>
      </Position18>
      <Position19>
        <Filename Value="unit2.pas"/>
        <Caret Line="84" Column="17" TopLine="66"/>
      </Position19>
      <Position20>
        <Filename Value="unit2.pas"/>
        <Caret Line="85" Column="17" TopLine="67"/>
      </Position20>
      <Position21>
        <Filename Value="unit2.pas"/>
        <Caret Line="87" Column="17" TopLine="69"/>
      </Position21>
      <Position22>
        <Filename Value="unit2.pas"/>
        <Caret Line="88" Column="17" TopLine="70"/>
      </Position22>
      <Position23>
        <Filename Value="unit1.pas"/>
        <Caret Line="664" Column="1" TopLine="664"/>
      </Position23>
      <Position24>
        <Filename Value="unit1.pas"/>
        <Caret Line="686" Column="22" TopLine="667"/>
      </Position24>
      <Position25>
        <Filename Value="unit1.pas"/>
        <Caret Line="1" Column="1" TopLine="1"/>
      </Position25>
      <Position26>
        <Filename Value="unit1.pas"/>
        <Caret Line="205" Column="25" TopLine="187"/>
      </Position26>
      <Position27>
        <Filename Value="unit1.pas"/>
        <Caret Line="430" Column="36" TopLine="407"/>
      </Position27>
      <Position28>
        <Filename Value="unit1.pas"/>
        <Caret Line="686" Column="22" TopLine="653"/>
      </Position28>
      <Position29>
        <Filename Value="unit1.pas"/>
        <Caret Line="426" Column="20" TopLine="406"/>
      </Position29>
      <Position30>
        <Filename Value="unit1.pas"/>
        <Caret Line="686" Column="22" TopLine="653"/>
      </Position30>
    </JumpHistory>
  </ProjectOptions>
  <CompilerOptions>
    <Version Value="11"/>
    <PathDelim Value="\"/>
    <Target>
      <Filename Value="project1"/>
    </Target>
    <SearchPaths>
      <IncludeFiles Value="$(ProjOutDir)"/>
      <UnitOutputDirectory Value="lib\$(TargetCPU)-$(TargetOS)"/>
    </SearchPaths>
    <CodeGeneration>
      <SmartLinkUnit Value="True"/>
      <Optimizations>
        <OptimizationLevel Value="3"/>
      </Optimizations>
    </CodeGeneration>
    <Linking>
      <Debugging>
        <GenerateDebugInfo Value="False"/>
        <DebugInfoType Value="dsStabs"/>
        <StripSymbols Value="True"/>
      </Debugging>
      <LinkSmart Value="True"/>
      <Options>
        <Win32>
          <GraphicApplication Value="True"/>
        </Win32>
      </Options>
    </Linking>
    <Other>
      <CompilerMessages>
        <UseMsgFile Value="True"/>
      </CompilerMessages>
      <CompilerPath Value="$(CompPath)"/>
    </Other>
  </CompilerOptions>
</CONFIG>
